
Microsoft Visual Studio Solution File, Format Version 12.00
# Visual Studio Version 17
VisualStudioVersion = 17.8.34330.188
MinimumVisualStudioVersion = 10.0.40219.1
Project("{9A19103F-16F7-4668-BE54-9A1E7A4F7556}") = "MadLibs", "MadLibs.csproj", "{8D2765A8-22FB-4F5A-AE29-C3F84215FFAB}"
EndProject
Global
	GlobalSection(SolutionConfigurationPlatforms) = preSolution
		Debug|Any CPU = Debug|Any CPU
		Release|Any CPU = Release|Any CPU
	EndGlobalSection
	GlobalSection(ProjectConfigurationPlatforms) = postSolution
		{8D2765A8-22FB-4F5A-AE29-C3F84215FFAB}.Debug|Any CPU.ActiveCfg = Debug|Any CPU
		{8D2765A8-22FB-4F5A-AE29-C3F84215FFAB}.Debug|Any CPU.Build.0 = Debug|Any CPU
		{8D2765A8-22FB-4F5A-AE29-C3F84215FFAB}.Release|Any CPU.ActiveCfg = Release|Any CPU
		{8D2765A8-22FB-4F5A-AE29-C3F84215FFAB}.Release|Any CPU.Build.0 = Release|Any CPU
	EndGlobalSection
	GlobalSection(SolutionProperties) = preSolution
		HideSolutionNode = FALSE
	EndGlobalSection
	GlobalSection(ExtensibilityGlobals) = postSolution
		SolutionGuid = {34C62163-FED5-45FC-9940-56C73CBD6ABC}
	EndGlobalSection
EndGlobal
